
Microsoft Visual Studio Solution File, Format Version 12.00
# Visual Studio Version 17
VisualStudioVersion = 17.3.32901.215
MinimumVisualStudioVersion = 10.0.40219.1
Project("{FAE04EC0-301F-11D3-BF4B-00C04F79EFBC}") = "Examination1", "Examination1\Examination1.csproj", "{EDD0E542-0EE9-4124-B655-CFE661599D81}"
EndProject
Global
	GlobalSection(SolutionConfigurationPlatforms) = preSolution
		Debug|Any CPU = Debug|Any CPU
		Release|Any CPU = Release|Any CPU
	EndGlobalSection
	GlobalSection(ProjectConfigurationPlatforms) = postSolution
		{EDD0E542-0EE9-4124-B655-CFE661599D81}.Debug|Any CPU.ActiveCfg = Debug|Any CPU
		{EDD0E542-0EE9-4124-B655-CFE661599D81}.Debug|Any CPU.Build.0 = Debug|Any CPU
		{EDD0E542-0EE9-4124-B655-CFE661599D81}.Release|Any CPU.ActiveCfg = Release|Any CPU
		{EDD0E542-0EE9-4124-B655-CFE661599D81}.Release|Any CPU.Build.0 = Release|Any CPU
	EndGlobalSection
	GlobalSection(SolutionProperties) = preSolution
		HideSolutionNode = FALSE
	EndGlobalSection
	GlobalSection(ExtensibilityGlobals) = postSolution
		SolutionGuid = {CC937D83-BFCC-4D86-8F75-63228547D4B2}
	EndGlobalSection
EndGlobal
