
Microsoft Visual Studio Solution File, Format Version 12.00
# Visual Studio Version 17
VisualStudioVersion = 17.3.32901.215
MinimumVisualStudioVersion = 10.0.40219.1
Project("{FAE04EC0-301F-11D3-BF4B-00C04F79EFBC}") = "string", "string\string.csproj", "{CD431BF1-6E06-43B0-9455-71E14F945072}"
EndProject
Global
	GlobalSection(SolutionConfigurationPlatforms) = preSolution
		Debug|Any CPU = Debug|Any CPU
		Release|Any CPU = Release|Any CPU
	EndGlobalSection
	GlobalSection(ProjectConfigurationPlatforms) = postSolution
		{CD431BF1-6E06-43B0-9455-71E14F945072}.Debug|Any CPU.ActiveCfg = Debug|Any CPU
		{CD431BF1-6E06-43B0-9455-71E14F945072}.Debug|Any CPU.Build.0 = Debug|Any CPU
		{CD431BF1-6E06-43B0-9455-71E14F945072}.Release|Any CPU.ActiveCfg = Release|Any CPU
		{CD431BF1-6E06-43B0-9455-71E14F945072}.Release|Any CPU.Build.0 = Release|Any CPU
	EndGlobalSection
	GlobalSection(SolutionProperties) = preSolution
		HideSolutionNode = FALSE
	EndGlobalSection
	GlobalSection(ExtensibilityGlobals) = postSolution
		SolutionGuid = {7D63BC31-D3E9-467D-B188-A214A78CBA5E}
	EndGlobalSection
EndGlobal
