
Microsoft Visual Studio Solution File, Format Version 12.00
# Visual Studio Version 17
VisualStudioVersion = 17.4.33213.308
MinimumVisualStudioVersion = 10.0.40219.1
Project("{FAE04EC0-301F-11D3-BF4B-00C04F79EFBC}") = "Contest Manager", "Contest Manager\Contest Manager.csproj", "{742AEFFC-1534-475F-8A35-0F71F4588415}"
EndProject
Global
	GlobalSection(SolutionConfigurationPlatforms) = preSolution
		Debug|Any CPU = Debug|Any CPU
		Release|Any CPU = Release|Any CPU
	EndGlobalSection
	GlobalSection(ProjectConfigurationPlatforms) = postSolution
		{742AEFFC-1534-475F-8A35-0F71F4588415}.Debug|Any CPU.ActiveCfg = Debug|Any CPU
		{742AEFFC-1534-475F-8A35-0F71F4588415}.Debug|Any CPU.Build.0 = Debug|Any CPU
		{742AEFFC-1534-475F-8A35-0F71F4588415}.Release|Any CPU.ActiveCfg = Release|Any CPU
		{742AEFFC-1534-475F-8A35-0F71F4588415}.Release|Any CPU.Build.0 = Release|Any CPU
	EndGlobalSection
	GlobalSection(SolutionProperties) = preSolution
		HideSolutionNode = FALSE
	EndGlobalSection
	GlobalSection(ExtensibilityGlobals) = postSolution
		SolutionGuid = {A00DDAB0-3F4D-430A-A2CD-031CB51CFC52}
	EndGlobalSection
EndGlobal
